
Microsoft Visual Studio Solution File, Format Version 12.00
# Visual Studio 15
VisualStudioVersion = 15.0.28307.271
MinimumVisualStudioVersion = 10.0.40219.1
Project("{9A19103F-16F7-4668-BE54-9A1E7A4F7556}") = "Solutions", "src\Solutions\Solutions.csproj", "{F7607627-4208-42E6-BE30-F270EE233D4F}"
EndProject
Project("{9A19103F-16F7-4668-BE54-9A1E7A4F7556}") = "SolutionsTests", "tests\SolutionsTests\SolutionsTests.csproj", "{5F11C9B1-4DE0-4978-AD79-BC570DE15940}"
EndProject
Global
	GlobalSection(SolutionConfigurationPlatforms) = preSolution
		Debug|Any CPU = Debug|Any CPU
		Release|Any CPU = Release|Any CPU
	EndGlobalSection
	GlobalSection(ProjectConfigurationPlatforms) = postSolution
		{F7607627-4208-42E6-BE30-F270EE233D4F}.Debug|Any CPU.ActiveCfg = Debug|Any CPU
		{F7607627-4208-42E6-BE30-F270EE233D4F}.Debug|Any CPU.Build.0 = Debug|Any CPU
		{F7607627-4208-42E6-BE30-F270EE233D4F}.Release|Any CPU.ActiveCfg = Release|Any CPU
		{F7607627-4208-42E6-BE30-F270EE233D4F}.Release|Any CPU.Build.0 = Release|Any CPU
		{5F11C9B1-4DE0-4978-AD79-BC570DE15940}.Debug|Any CPU.ActiveCfg = Debug|Any CPU
		{5F11C9B1-4DE0-4978-AD79-BC570DE15940}.Debug|Any CPU.Build.0 = Debug|Any CPU
		{5F11C9B1-4DE0-4978-AD79-BC570DE15940}.Release|Any CPU.ActiveCfg = Release|Any CPU
		{5F11C9B1-4DE0-4978-AD79-BC570DE15940}.Release|Any CPU.Build.0 = Release|Any CPU
	EndGlobalSection
	GlobalSection(SolutionProperties) = preSolution
		HideSolutionNode = FALSE
	EndGlobalSection
	GlobalSection(ExtensibilityGlobals) = postSolution
		SolutionGuid = {3965D691-B2C7-4E88-B6EA-CA2F6A17D085}
	EndGlobalSection
EndGlobal
