
Microsoft Visual Studio Solution File, Format Version 12.00
# Visual Studio 15
VisualStudioVersion = 15.0.26127.3
MinimumVisualStudioVersion = 10.0.40219.1
Project("{FAE04EC0-301F-11D3-BF4B-00C04F79EFBC}") = "ReversedWords", "src\ReversedWords\ReversedWords.csproj", "{D9519A42-B426-4FC9-BF0D-DCBBF44DFD61}"
EndProject
Project("{2150E333-8FDC-42A3-9474-1A3956D46DE8}") = "src", "src", "{55978AA0-B1E6-4E9E-851A-65273A7BF57C}"
EndProject
Project("{2150E333-8FDC-42A3-9474-1A3956D46DE8}") = "tests", "tests", "{59861AC5-D1FD-4FF1-8BD9-350D94518699}"
EndProject
Project("{FAE04EC0-301F-11D3-BF4B-00C04F79EFBC}") = "KataTests", "tests\KataTests\KataTests.csproj", "{BC7E690F-6A37-4897-80AC-F94AC95356BE}"
EndProject
Project("{9A19103F-16F7-4668-BE54-9A1E7A4F7556}") = "AlternatingSplit", "src\AlternatingSplit\AlternatingSplit.csproj", "{1644C444-8619-49FA-8336-EA91DD1F6B19}"
EndProject
Project("{9A19103F-16F7-4668-BE54-9A1E7A4F7556}") = "Base64Encoder", "src\Base64Encoder\Base64Encoder.csproj", "{03783527-2315-4051-B89E-57F2FFBBF8E7}"
EndProject
Project("{9A19103F-16F7-4668-BE54-9A1E7A4F7556}") = "ClockMirror", "src\ClockMirror\ClockMirror.csproj", "{97D13EB9-8AFA-42E2-9DEF-04CF9202A40A}"
EndProject
Project("{9A19103F-16F7-4668-BE54-9A1E7A4F7556}") = "DuplicateEncoder", "src\DuplicateEncoder\DuplicateEncoder.csproj", "{7A282AF3-E0A2-4AAD-A1D9-D413D0C3E1CC}"
EndProject
Project("{FAE04EC0-301F-11D3-BF4B-00C04F79EFBC}") = "EnoughIsEnough", "src\EnoughIsEnough\EnoughIsEnough.csproj", "{D8388B7F-1EA7-4CED-A5AB-C27AA3294E9D}"
EndProject
Project("{9A19103F-16F7-4668-BE54-9A1E7A4F7556}") = "HumanReadableTime", "src\HumanReadableTime\HumanReadableTime.csproj", "{4D6ADE56-B9BE-4BB4-B24E-C46FDA2FA9F7}"
EndProject
Project("{FAE04EC0-301F-11D3-BF4B-00C04F79EFBC}") = "MaximumLengthDiff", "src\MaximumLengthDiff\MaximumLengthDiff.csproj", "{AF920AFB-DF1C-42D7-B98B-4A127A1BBDCE}"
EndProject
Project("{FAE04EC0-301F-11D3-BF4B-00C04F79EFBC}") = "MergedStringCheker", "src\MergedStringCheker\MergedStringCheker.csproj", "{C1A0D4EA-52CC-4064-97C3-DBF3E62B7DAB}"
EndProject
Project("{FAE04EC0-301F-11D3-BF4B-00C04F79EFBC}") = "SmallestInteger", "src\SmallestInteger\SmallestInteger.csproj", "{F9FEEAE0-F0A2-47E9-A0C5-1FCCD0BCE7CC}"
EndProject
Project("{FAE04EC0-301F-11D3-BF4B-00C04F79EFBC}") = "SumOfNumbers", "src\SumOfNumbers\SumOfNumbers.csproj", "{3F4CAA81-CE99-4702-821D-355D55486971}"
EndProject
Project("{FAE04EC0-301F-11D3-BF4B-00C04F79EFBC}") = "WichAreIn", "src\WichAreIn\WichAreIn.csproj", "{5072929C-07FB-4000-8966-01379D570084}"
EndProject
Global
	GlobalSection(SolutionConfigurationPlatforms) = preSolution
		Debug|Any CPU = Debug|Any CPU
		Debug|x64 = Debug|x64
		Debug|x86 = Debug|x86
		Release|Any CPU = Release|Any CPU
		Release|x64 = Release|x64
		Release|x86 = Release|x86
	EndGlobalSection
	GlobalSection(ProjectConfigurationPlatforms) = postSolution
		{D9519A42-B426-4FC9-BF0D-DCBBF44DFD61}.Debug|Any CPU.ActiveCfg = Debug|Any CPU
		{D9519A42-B426-4FC9-BF0D-DCBBF44DFD61}.Debug|Any CPU.Build.0 = Debug|Any CPU
		{D9519A42-B426-4FC9-BF0D-DCBBF44DFD61}.Debug|x64.ActiveCfg = Debug|Any CPU
		{D9519A42-B426-4FC9-BF0D-DCBBF44DFD61}.Debug|x64.Build.0 = Debug|Any CPU
		{D9519A42-B426-4FC9-BF0D-DCBBF44DFD61}.Debug|x86.ActiveCfg = Debug|Any CPU
		{D9519A42-B426-4FC9-BF0D-DCBBF44DFD61}.Debug|x86.Build.0 = Debug|Any CPU
		{D9519A42-B426-4FC9-BF0D-DCBBF44DFD61}.Release|Any CPU.ActiveCfg = Release|Any CPU
		{D9519A42-B426-4FC9-BF0D-DCBBF44DFD61}.Release|Any CPU.Build.0 = Release|Any CPU
		{D9519A42-B426-4FC9-BF0D-DCBBF44DFD61}.Release|x64.ActiveCfg = Release|Any CPU
		{D9519A42-B426-4FC9-BF0D-DCBBF44DFD61}.Release|x64.Build.0 = Release|Any CPU
		{D9519A42-B426-4FC9-BF0D-DCBBF44DFD61}.Release|x86.ActiveCfg = Release|Any CPU
		{D9519A42-B426-4FC9-BF0D-DCBBF44DFD61}.Release|x86.Build.0 = Release|Any CPU
		{BC7E690F-6A37-4897-80AC-F94AC95356BE}.Debug|Any CPU.ActiveCfg = Debug|Any CPU
		{BC7E690F-6A37-4897-80AC-F94AC95356BE}.Debug|Any CPU.Build.0 = Debug|Any CPU
		{BC7E690F-6A37-4897-80AC-F94AC95356BE}.Debug|x64.ActiveCfg = Debug|Any CPU
		{BC7E690F-6A37-4897-80AC-F94AC95356BE}.Debug|x64.Build.0 = Debug|Any CPU
		{BC7E690F-6A37-4897-80AC-F94AC95356BE}.Debug|x86.ActiveCfg = Debug|Any CPU
		{BC7E690F-6A37-4897-80AC-F94AC95356BE}.Debug|x86.Build.0 = Debug|Any CPU
		{BC7E690F-6A37-4897-80AC-F94AC95356BE}.Release|Any CPU.ActiveCfg = Release|Any CPU
		{BC7E690F-6A37-4897-80AC-F94AC95356BE}.Release|Any CPU.Build.0 = Release|Any CPU
		{BC7E690F-6A37-4897-80AC-F94AC95356BE}.Release|x64.ActiveCfg = Release|Any CPU
		{BC7E690F-6A37-4897-80AC-F94AC95356BE}.Release|x64.Build.0 = Release|Any CPU
		{BC7E690F-6A37-4897-80AC-F94AC95356BE}.Release|x86.ActiveCfg = Release|Any CPU
		{BC7E690F-6A37-4897-80AC-F94AC95356BE}.Release|x86.Build.0 = Release|Any CPU
		{1644C444-8619-49FA-8336-EA91DD1F6B19}.Debug|Any CPU.ActiveCfg = Debug|Any CPU
		{1644C444-8619-49FA-8336-EA91DD1F6B19}.Debug|Any CPU.Build.0 = Debug|Any CPU
		{1644C444-8619-49FA-8336-EA91DD1F6B19}.Debug|x64.ActiveCfg = Debug|x64
		{1644C444-8619-49FA-8336-EA91DD1F6B19}.Debug|x64.Build.0 = Debug|x64
		{1644C444-8619-49FA-8336-EA91DD1F6B19}.Debug|x86.ActiveCfg = Debug|x86
		{1644C444-8619-49FA-8336-EA91DD1F6B19}.Debug|x86.Build.0 = Debug|x86
		{1644C444-8619-49FA-8336-EA91DD1F6B19}.Release|Any CPU.ActiveCfg = Release|Any CPU
		{1644C444-8619-49FA-8336-EA91DD1F6B19}.Release|Any CPU.Build.0 = Release|Any CPU
		{1644C444-8619-49FA-8336-EA91DD1F6B19}.Release|x64.ActiveCfg = Release|x64
		{1644C444-8619-49FA-8336-EA91DD1F6B19}.Release|x64.Build.0 = Release|x64
		{1644C444-8619-49FA-8336-EA91DD1F6B19}.Release|x86.ActiveCfg = Release|x86
		{1644C444-8619-49FA-8336-EA91DD1F6B19}.Release|x86.Build.0 = Release|x86
		{03783527-2315-4051-B89E-57F2FFBBF8E7}.Debug|Any CPU.ActiveCfg = Debug|Any CPU
		{03783527-2315-4051-B89E-57F2FFBBF8E7}.Debug|Any CPU.Build.0 = Debug|Any CPU
		{03783527-2315-4051-B89E-57F2FFBBF8E7}.Debug|x64.ActiveCfg = Debug|x64
		{03783527-2315-4051-B89E-57F2FFBBF8E7}.Debug|x64.Build.0 = Debug|x64
		{03783527-2315-4051-B89E-57F2FFBBF8E7}.Debug|x86.ActiveCfg = Debug|x86
		{03783527-2315-4051-B89E-57F2FFBBF8E7}.Debug|x86.Build.0 = Debug|x86
		{03783527-2315-4051-B89E-57F2FFBBF8E7}.Release|Any CPU.ActiveCfg = Release|Any CPU
		{03783527-2315-4051-B89E-57F2FFBBF8E7}.Release|Any CPU.Build.0 = Release|Any CPU
		{03783527-2315-4051-B89E-57F2FFBBF8E7}.Release|x64.ActiveCfg = Release|x64
		{03783527-2315-4051-B89E-57F2FFBBF8E7}.Release|x64.Build.0 = Release|x64
		{03783527-2315-4051-B89E-57F2FFBBF8E7}.Release|x86.ActiveCfg = Release|x86
		{03783527-2315-4051-B89E-57F2FFBBF8E7}.Release|x86.Build.0 = Release|x86
		{97D13EB9-8AFA-42E2-9DEF-04CF9202A40A}.Debug|Any CPU.ActiveCfg = Debug|Any CPU
		{97D13EB9-8AFA-42E2-9DEF-04CF9202A40A}.Debug|Any CPU.Build.0 = Debug|Any CPU
		{97D13EB9-8AFA-42E2-9DEF-04CF9202A40A}.Debug|x64.ActiveCfg = Debug|x64
		{97D13EB9-8AFA-42E2-9DEF-04CF9202A40A}.Debug|x64.Build.0 = Debug|x64
		{97D13EB9-8AFA-42E2-9DEF-04CF9202A40A}.Debug|x86.ActiveCfg = Debug|x86
		{97D13EB9-8AFA-42E2-9DEF-04CF9202A40A}.Debug|x86.Build.0 = Debug|x86
		{97D13EB9-8AFA-42E2-9DEF-04CF9202A40A}.Release|Any CPU.ActiveCfg = Release|Any CPU
		{97D13EB9-8AFA-42E2-9DEF-04CF9202A40A}.Release|Any CPU.Build.0 = Release|Any CPU
		{97D13EB9-8AFA-42E2-9DEF-04CF9202A40A}.Release|x64.ActiveCfg = Release|x64
		{97D13EB9-8AFA-42E2-9DEF-04CF9202A40A}.Release|x64.Build.0 = Release|x64
		{97D13EB9-8AFA-42E2-9DEF-04CF9202A40A}.Release|x86.ActiveCfg = Release|x86
		{97D13EB9-8AFA-42E2-9DEF-04CF9202A40A}.Release|x86.Build.0 = Release|x86
		{7A282AF3-E0A2-4AAD-A1D9-D413D0C3E1CC}.Debug|Any CPU.ActiveCfg = Debug|Any CPU
		{7A282AF3-E0A2-4AAD-A1D9-D413D0C3E1CC}.Debug|Any CPU.Build.0 = Debug|Any CPU
		{7A282AF3-E0A2-4AAD-A1D9-D413D0C3E1CC}.Debug|x64.ActiveCfg = Debug|x64
		{7A282AF3-E0A2-4AAD-A1D9-D413D0C3E1CC}.Debug|x64.Build.0 = Debug|x64
		{7A282AF3-E0A2-4AAD-A1D9-D413D0C3E1CC}.Debug|x86.ActiveCfg = Debug|x86
		{7A282AF3-E0A2-4AAD-A1D9-D413D0C3E1CC}.Debug|x86.Build.0 = Debug|x86
		{7A282AF3-E0A2-4AAD-A1D9-D413D0C3E1CC}.Release|Any CPU.ActiveCfg = Release|Any CPU
		{7A282AF3-E0A2-4AAD-A1D9-D413D0C3E1CC}.Release|Any CPU.Build.0 = Release|Any CPU
		{7A282AF3-E0A2-4AAD-A1D9-D413D0C3E1CC}.Release|x64.ActiveCfg = Release|x64
		{7A282AF3-E0A2-4AAD-A1D9-D413D0C3E1CC}.Release|x64.Build.0 = Release|x64
		{7A282AF3-E0A2-4AAD-A1D9-D413D0C3E1CC}.Release|x86.ActiveCfg = Release|x86
		{7A282AF3-E0A2-4AAD-A1D9-D413D0C3E1CC}.Release|x86.Build.0 = Release|x86
		{D8388B7F-1EA7-4CED-A5AB-C27AA3294E9D}.Debug|Any CPU.ActiveCfg = Debug|Any CPU
		{D8388B7F-1EA7-4CED-A5AB-C27AA3294E9D}.Debug|Any CPU.Build.0 = Debug|Any CPU
		{D8388B7F-1EA7-4CED-A5AB-C27AA3294E9D}.Debug|x64.ActiveCfg = Debug|Any CPU
		{D8388B7F-1EA7-4CED-A5AB-C27AA3294E9D}.Debug|x64.Build.0 = Debug|Any CPU
		{D8388B7F-1EA7-4CED-A5AB-C27AA3294E9D}.Debug|x86.ActiveCfg = Debug|Any CPU
		{D8388B7F-1EA7-4CED-A5AB-C27AA3294E9D}.Debug|x86.Build.0 = Debug|Any CPU
		{D8388B7F-1EA7-4CED-A5AB-C27AA3294E9D}.Release|Any CPU.ActiveCfg = Release|Any CPU
		{D8388B7F-1EA7-4CED-A5AB-C27AA3294E9D}.Release|Any CPU.Build.0 = Release|Any CPU
		{D8388B7F-1EA7-4CED-A5AB-C27AA3294E9D}.Release|x64.ActiveCfg = Release|Any CPU
		{D8388B7F-1EA7-4CED-A5AB-C27AA3294E9D}.Release|x64.Build.0 = Release|Any CPU
		{D8388B7F-1EA7-4CED-A5AB-C27AA3294E9D}.Release|x86.ActiveCfg = Release|Any CPU
		{D8388B7F-1EA7-4CED-A5AB-C27AA3294E9D}.Release|x86.Build.0 = Release|Any CPU
		{4D6ADE56-B9BE-4BB4-B24E-C46FDA2FA9F7}.Debug|Any CPU.ActiveCfg = Debug|Any CPU
		{4D6ADE56-B9BE-4BB4-B24E-C46FDA2FA9F7}.Debug|Any CPU.Build.0 = Debug|Any CPU
		{4D6ADE56-B9BE-4BB4-B24E-C46FDA2FA9F7}.Debug|x64.ActiveCfg = Debug|x64
		{4D6ADE56-B9BE-4BB4-B24E-C46FDA2FA9F7}.Debug|x64.Build.0 = Debug|x64
		{4D6ADE56-B9BE-4BB4-B24E-C46FDA2FA9F7}.Debug|x86.ActiveCfg = Debug|x86
		{4D6ADE56-B9BE-4BB4-B24E-C46FDA2FA9F7}.Debug|x86.Build.0 = Debug|x86
		{4D6ADE56-B9BE-4BB4-B24E-C46FDA2FA9F7}.Release|Any CPU.ActiveCfg = Release|Any CPU
		{4D6ADE56-B9BE-4BB4-B24E-C46FDA2FA9F7}.Release|Any CPU.Build.0 = Release|Any CPU
		{4D6ADE56-B9BE-4BB4-B24E-C46FDA2FA9F7}.Release|x64.ActiveCfg = Release|x64
		{4D6ADE56-B9BE-4BB4-B24E-C46FDA2FA9F7}.Release|x64.Build.0 = Release|x64
		{4D6ADE56-B9BE-4BB4-B24E-C46FDA2FA9F7}.Release|x86.ActiveCfg = Release|x86
		{4D6ADE56-B9BE-4BB4-B24E-C46FDA2FA9F7}.Release|x86.Build.0 = Release|x86
		{AF920AFB-DF1C-42D7-B98B-4A127A1BBDCE}.Debug|Any CPU.ActiveCfg = Debug|Any CPU
		{AF920AFB-DF1C-42D7-B98B-4A127A1BBDCE}.Debug|Any CPU.Build.0 = Debug|Any CPU
		{AF920AFB-DF1C-42D7-B98B-4A127A1BBDCE}.Debug|x64.ActiveCfg = Debug|Any CPU
		{AF920AFB-DF1C-42D7-B98B-4A127A1BBDCE}.Debug|x64.Build.0 = Debug|Any CPU
		{AF920AFB-DF1C-42D7-B98B-4A127A1BBDCE}.Debug|x86.ActiveCfg = Debug|Any CPU
		{AF920AFB-DF1C-42D7-B98B-4A127A1BBDCE}.Debug|x86.Build.0 = Debug|Any CPU
		{AF920AFB-DF1C-42D7-B98B-4A127A1BBDCE}.Release|Any CPU.ActiveCfg = Release|Any CPU
		{AF920AFB-DF1C-42D7-B98B-4A127A1BBDCE}.Release|Any CPU.Build.0 = Release|Any CPU
		{AF920AFB-DF1C-42D7-B98B-4A127A1BBDCE}.Release|x64.ActiveCfg = Release|Any CPU
		{AF920AFB-DF1C-42D7-B98B-4A127A1BBDCE}.Release|x64.Build.0 = Release|Any CPU
		{AF920AFB-DF1C-42D7-B98B-4A127A1BBDCE}.Release|x86.ActiveCfg = Release|Any CPU
		{AF920AFB-DF1C-42D7-B98B-4A127A1BBDCE}.Release|x86.Build.0 = Release|Any CPU
		{C1A0D4EA-52CC-4064-97C3-DBF3E62B7DAB}.Debug|Any CPU.ActiveCfg = Debug|Any CPU
		{C1A0D4EA-52CC-4064-97C3-DBF3E62B7DAB}.Debug|Any CPU.Build.0 = Debug|Any CPU
		{C1A0D4EA-52CC-4064-97C3-DBF3E62B7DAB}.Debug|x64.ActiveCfg = Debug|Any CPU
		{C1A0D4EA-52CC-4064-97C3-DBF3E62B7DAB}.Debug|x64.Build.0 = Debug|Any CPU
		{C1A0D4EA-52CC-4064-97C3-DBF3E62B7DAB}.Debug|x86.ActiveCfg = Debug|Any CPU
		{C1A0D4EA-52CC-4064-97C3-DBF3E62B7DAB}.Debug|x86.Build.0 = Debug|Any CPU
		{C1A0D4EA-52CC-4064-97C3-DBF3E62B7DAB}.Release|Any CPU.ActiveCfg = Release|Any CPU
		{C1A0D4EA-52CC-4064-97C3-DBF3E62B7DAB}.Release|Any CPU.Build.0 = Release|Any CPU
		{C1A0D4EA-52CC-4064-97C3-DBF3E62B7DAB}.Release|x64.ActiveCfg = Release|Any CPU
		{C1A0D4EA-52CC-4064-97C3-DBF3E62B7DAB}.Release|x64.Build.0 = Release|Any CPU
		{C1A0D4EA-52CC-4064-97C3-DBF3E62B7DAB}.Release|x86.ActiveCfg = Release|Any CPU
		{C1A0D4EA-52CC-4064-97C3-DBF3E62B7DAB}.Release|x86.Build.0 = Release|Any CPU
		{F9FEEAE0-F0A2-47E9-A0C5-1FCCD0BCE7CC}.Debug|Any CPU.ActiveCfg = Debug|Any CPU
		{F9FEEAE0-F0A2-47E9-A0C5-1FCCD0BCE7CC}.Debug|Any CPU.Build.0 = Debug|Any CPU
		{F9FEEAE0-F0A2-47E9-A0C5-1FCCD0BCE7CC}.Debug|x64.ActiveCfg = Debug|Any CPU
		{F9FEEAE0-F0A2-47E9-A0C5-1FCCD0BCE7CC}.Debug|x64.Build.0 = Debug|Any CPU
		{F9FEEAE0-F0A2-47E9-A0C5-1FCCD0BCE7CC}.Debug|x86.ActiveCfg = Debug|Any CPU
		{F9FEEAE0-F0A2-47E9-A0C5-1FCCD0BCE7CC}.Debug|x86.Build.0 = Debug|Any CPU
		{F9FEEAE0-F0A2-47E9-A0C5-1FCCD0BCE7CC}.Release|Any CPU.ActiveCfg = Release|Any CPU
		{F9FEEAE0-F0A2-47E9-A0C5-1FCCD0BCE7CC}.Release|Any CPU.Build.0 = Release|Any CPU
		{F9FEEAE0-F0A2-47E9-A0C5-1FCCD0BCE7CC}.Release|x64.ActiveCfg = Release|Any CPU
		{F9FEEAE0-F0A2-47E9-A0C5-1FCCD0BCE7CC}.Release|x64.Build.0 = Release|Any CPU
		{F9FEEAE0-F0A2-47E9-A0C5-1FCCD0BCE7CC}.Release|x86.ActiveCfg = Release|Any CPU
		{F9FEEAE0-F0A2-47E9-A0C5-1FCCD0BCE7CC}.Release|x86.Build.0 = Release|Any CPU
		{3F4CAA81-CE99-4702-821D-355D55486971}.Debug|Any CPU.ActiveCfg = Debug|Any CPU
		{3F4CAA81-CE99-4702-821D-355D55486971}.Debug|Any CPU.Build.0 = Debug|Any CPU
		{3F4CAA81-CE99-4702-821D-355D55486971}.Debug|x64.ActiveCfg = Debug|Any CPU
		{3F4CAA81-CE99-4702-821D-355D55486971}.Debug|x64.Build.0 = Debug|Any CPU
		{3F4CAA81-CE99-4702-821D-355D55486971}.Debug|x86.ActiveCfg = Debug|Any CPU
		{3F4CAA81-CE99-4702-821D-355D55486971}.Debug|x86.Build.0 = Debug|Any CPU
		{3F4CAA81-CE99-4702-821D-355D55486971}.Release|Any CPU.ActiveCfg = Release|Any CPU
		{3F4CAA81-CE99-4702-821D-355D55486971}.Release|Any CPU.Build.0 = Release|Any CPU
		{3F4CAA81-CE99-4702-821D-355D55486971}.Release|x64.ActiveCfg = Release|Any CPU
		{3F4CAA81-CE99-4702-821D-355D55486971}.Release|x64.Build.0 = Release|Any CPU
		{3F4CAA81-CE99-4702-821D-355D55486971}.Release|x86.ActiveCfg = Release|Any CPU
		{3F4CAA81-CE99-4702-821D-355D55486971}.Release|x86.Build.0 = Release|Any CPU
		{5072929C-07FB-4000-8966-01379D570084}.Debug|Any CPU.ActiveCfg = Debug|Any CPU
		{5072929C-07FB-4000-8966-01379D570084}.Debug|Any CPU.Build.0 = Debug|Any CPU
		{5072929C-07FB-4000-8966-01379D570084}.Debug|x64.ActiveCfg = Debug|Any CPU
		{5072929C-07FB-4000-8966-01379D570084}.Debug|x64.Build.0 = Debug|Any CPU
		{5072929C-07FB-4000-8966-01379D570084}.Debug|x86.ActiveCfg = Debug|Any CPU
		{5072929C-07FB-4000-8966-01379D570084}.Debug|x86.Build.0 = Debug|Any CPU
		{5072929C-07FB-4000-8966-01379D570084}.Release|Any CPU.ActiveCfg = Release|Any CPU
		{5072929C-07FB-4000-8966-01379D570084}.Release|Any CPU.Build.0 = Release|Any CPU
		{5072929C-07FB-4000-8966-01379D570084}.Release|x64.ActiveCfg = Release|Any CPU
		{5072929C-07FB-4000-8966-01379D570084}.Release|x64.Build.0 = Release|Any CPU
		{5072929C-07FB-4000-8966-01379D570084}.Release|x86.ActiveCfg = Release|Any CPU
		{5072929C-07FB-4000-8966-01379D570084}.Release|x86.Build.0 = Release|Any CPU
	EndGlobalSection
	GlobalSection(SolutionProperties) = preSolution
		HideSolutionNode = FALSE
	EndGlobalSection
	GlobalSection(NestedProjects) = preSolution
		{D9519A42-B426-4FC9-BF0D-DCBBF44DFD61} = {55978AA0-B1E6-4E9E-851A-65273A7BF57C}
		{BC7E690F-6A37-4897-80AC-F94AC95356BE} = {59861AC5-D1FD-4FF1-8BD9-350D94518699}
		{1644C444-8619-49FA-8336-EA91DD1F6B19} = {55978AA0-B1E6-4E9E-851A-65273A7BF57C}
		{03783527-2315-4051-B89E-57F2FFBBF8E7} = {55978AA0-B1E6-4E9E-851A-65273A7BF57C}
		{97D13EB9-8AFA-42E2-9DEF-04CF9202A40A} = {55978AA0-B1E6-4E9E-851A-65273A7BF57C}
		{7A282AF3-E0A2-4AAD-A1D9-D413D0C3E1CC} = {55978AA0-B1E6-4E9E-851A-65273A7BF57C}
		{D8388B7F-1EA7-4CED-A5AB-C27AA3294E9D} = {55978AA0-B1E6-4E9E-851A-65273A7BF57C}
		{4D6ADE56-B9BE-4BB4-B24E-C46FDA2FA9F7} = {55978AA0-B1E6-4E9E-851A-65273A7BF57C}
		{AF920AFB-DF1C-42D7-B98B-4A127A1BBDCE} = {55978AA0-B1E6-4E9E-851A-65273A7BF57C}
		{C1A0D4EA-52CC-4064-97C3-DBF3E62B7DAB} = {55978AA0-B1E6-4E9E-851A-65273A7BF57C}
		{F9FEEAE0-F0A2-47E9-A0C5-1FCCD0BCE7CC} = {55978AA0-B1E6-4E9E-851A-65273A7BF57C}
		{3F4CAA81-CE99-4702-821D-355D55486971} = {55978AA0-B1E6-4E9E-851A-65273A7BF57C}
		{5072929C-07FB-4000-8966-01379D570084} = {55978AA0-B1E6-4E9E-851A-65273A7BF57C}
	EndGlobalSection
EndGlobal
